
Microsoft Visual Studio Solution File, Format Version 12.00
# Visual Studio Version 17
VisualStudioVersion = 17.8.34330.188
MinimumVisualStudioVersion = 10.0.40219.1
Project("{FAE04EC0-301F-11D3-BF4B-00C04F79EFBC}") = "eShop.Data", "eShop.Data\eShop.Data.csproj", "{846B64AF-F18B-427B-90D7-1E4C835BB957}"
EndProject
Project("{FAE04EC0-301F-11D3-BF4B-00C04F79EFBC}") = "eShop.Data.Shared", "eShop.Data.Shared\eShop.Data.Shared.csproj", "{96AC6309-C0E1-4AD7-A754-A147157E7BBB}"
EndProject
Global
	GlobalSection(SolutionConfigurationPlatforms) = preSolution
		Debug|Any CPU = Debug|Any CPU
		Release|Any CPU = Release|Any CPU
	EndGlobalSection
	GlobalSection(ProjectConfigurationPlatforms) = postSolution
		{846B64AF-F18B-427B-90D7-1E4C835BB957}.Debug|Any CPU.ActiveCfg = Debug|Any CPU
		{846B64AF-F18B-427B-90D7-1E4C835BB957}.Debug|Any CPU.Build.0 = Debug|Any CPU
		{846B64AF-F18B-427B-90D7-1E4C835BB957}.Release|Any CPU.ActiveCfg = Release|Any CPU
		{846B64AF-F18B-427B-90D7-1E4C835BB957}.Release|Any CPU.Build.0 = Release|Any CPU
		{96AC6309-C0E1-4AD7-A754-A147157E7BBB}.Debug|Any CPU.ActiveCfg = Debug|Any CPU
		{96AC6309-C0E1-4AD7-A754-A147157E7BBB}.Debug|Any CPU.Build.0 = Debug|Any CPU
		{96AC6309-C0E1-4AD7-A754-A147157E7BBB}.Release|Any CPU.ActiveCfg = Release|Any CPU
		{96AC6309-C0E1-4AD7-A754-A147157E7BBB}.Release|Any CPU.Build.0 = Release|Any CPU
	EndGlobalSection
	GlobalSection(SolutionProperties) = preSolution
		HideSolutionNode = FALSE
	EndGlobalSection
	GlobalSection(ExtensibilityGlobals) = postSolution
		SolutionGuid = {CE67B9EC-1990-40FC-AC9F-58612283C120}
	EndGlobalSection
EndGlobal
